
Microsoft Visual Studio Solution File, Format Version 12.00
Project("{FAE04EC0-301F-11D3-BF4B-00C04F79EFBC}") = "Guilds", "Guilds\Guilds.csproj", "{4090002D-833C-47D1-B33D-2AD719E969F5}"
EndProject
Global
	GlobalSection(SolutionConfigurationPlatforms) = preSolution
		Debug|Any CPU = Debug|Any CPU
		Release|Any CPU = Release|Any CPU
		API|Any CPU = API|Any CPU
	EndGlobalSection
	GlobalSection(ProjectConfigurationPlatforms) = postSolution
		{4090002D-833C-47D1-B33D-2AD719E969F5}.Debug|Any CPU.ActiveCfg = Debug|Any CPU
		{4090002D-833C-47D1-B33D-2AD719E969F5}.Debug|Any CPU.Build.0 = Debug|Any CPU
		{4090002D-833C-47D1-B33D-2AD719E969F5}.API|Any CPU.ActiveCfg = API|Any CPU
		{4090002D-833C-47D1-B33D-2AD719E969F5}.API|Any CPU.Build.0 = API|Any CPU
		{4090002D-833C-47D1-B33D-2AD719E969F5}.Release|Any CPU.ActiveCfg = Release|Any CPU
		{4090002D-833C-47D1-B33D-2AD719E969F5}.Release|Any CPU.Build.0 = Release|Any CPU
	EndGlobalSection
EndGlobal
